{
  "version": "5",
  "specifiers": {
    "jsr:@std/assert@1": "1.0.19",
    "jsr:@std/internal@^1.0.12": "1.0.14"
  },
  "jsr": {
    "@std/assert@1.0.19": {
      "integrity": "eaada96ee120cb980bc47e040f82814d786fe8162ecc53c91d8df60b8755991e",
      "dependencies": [
        "jsr:@std/internal"
      ]
    },
    "@std/internal@1.0.14": {
      "integrity": "291516b3d4c35024d6ffbc0a9df5bf4c64116e05b50012cf846710152d2ffdf7"
    }
  },
  "workspace": {
    "packageJson": {
      "dependencies": [
        "npm:deno@2.9.5",
        "npm:supabase@2.115.0"
      ]
    },
    "members": {
      "apps/mobile": {
        "packageJson": {
          "dependencies": [
            "npm:@expo/ui@~57.0.15",
            "npm:@react-native-async-storage/async-storage@2.2.0",
            "npm:@str-ops/shared@0.1",
            "npm:@supabase/supabase-js@^2.112.4",
            "npm:@tanstack/query-async-storage-persister@^5.102.8",
            "npm:@tanstack/react-query-persist-client@^5.102.8",
            "npm:@tanstack/react-query@^5.102.8",
            "npm:@testing-library/react-native@^14.0.1",
            "npm:@types/jest@30",
            "npm:@types/react@~19.2.2",
            "npm:expo-constants@~57.0.17",
            "npm:expo-device@~57.0.1",
            "npm:expo-font@~57.0.3",
            "npm:expo-glass-effect@~57.0.1",
            "npm:expo-image@~57.0.4",
            "npm:expo-linking@~57.0.9",
            "npm:expo-localization@~57.0.1",
            "npm:expo-router@~57.0.18",
            "npm:expo-secure-store@~57.0.3",
            "npm:expo-splash-screen@~57.0.8",
            "npm:expo-status-bar@~57.0.1",
            "npm:expo-symbols@~57.0.2",
            "npm:expo-system-ui@~57.0.3",
            "npm:expo-web-browser@~57.0.2",
            "npm:expo@~57.0.19",
            "npm:i18next@^25.10.10",
            "npm:jest-expo@^57.0.5",
            "npm:jest@^29.7.0",
            "npm:react-dom@19.2.3",
            "npm:react-i18next@^16.6.6",
            "npm:react-native-gesture-handler@2.32",
            "npm:react-native-reanimated@4.5.1",
            "npm:react-native-safe-area-context@5.7",
            "npm:react-native-screens@4.26",
            "npm:react-native-web@0.21",
            "npm:react-native-worklets@0.10.1",
            "npm:react-native@0.86.3",
            "npm:react-test-renderer@^19.2.3",
            "npm:react@19.2.3",
            "npm:typescript@~6.0.3",
            "npm:zod@^4.5.4"
          ]
        }
      }
    }
  }
}
